
Microsoft Visual Studio Solution File, Format Version 12.00
# Visual Studio Version 16
VisualStudioVersion = 16.0.35325.158
MinimumVisualStudioVersion = 10.0.40219.1
Project("{FAE04EC0-301F-11D3-BF4B-00C04F79EFBC}") = "Colors", "Colors\Colors.csproj", "{6F4C11AB-29B4-455B-B33D-5D04AFB28499}"
EndProject
Global
	GlobalSection(SolutionConfigurationPlatforms) = preSolution
		Debug|Any CPU = Debug|Any CPU
		Release|Any CPU = Release|Any CPU
	EndGlobalSection
	GlobalSection(ProjectConfigurationPlatforms) = postSolution
		{6F4C11AB-29B4-455B-B33D-5D04AFB28499}.Debug|Any CPU.ActiveCfg = Release|Any CPU
		{6F4C11AB-29B4-455B-B33D-5D04AFB28499}.Debug|Any CPU.Build.0 = Release|Any CPU
		{6F4C11AB-29B4-455B-B33D-5D04AFB28499}.Release|Any CPU.ActiveCfg = Release|Any CPU
		{6F4C11AB-29B4-455B-B33D-5D04AFB28499}.Release|Any CPU.Build.0 = Release|Any CPU
	EndGlobalSection
	GlobalSection(SolutionProperties) = preSolution
		HideSolutionNode = FALSE
	EndGlobalSection
	GlobalSection(ExtensibilityGlobals) = postSolution
		SolutionGuid = {A5039252-12C4-464B-98F0-47F54C7FA87D}
	EndGlobalSection
EndGlobal
